
Microsoft Visual Studio Solution File, Format Version 12.00
# Visual Studio Version 17
VisualStudioVersion = 17.2.32630.192
MinimumVisualStudioVersion = 10.0.40219.1
Project("{FAE04EC0-301F-11D3-BF4B-00C04F79EFBC}") = "WindowsFormsApp1", "WindowsFormsApp1\WindowsFormsApp1.csproj", "{081A8F19-F055-4CB5-9559-66EA13A9D3DB}"
EndProject
Global
	GlobalSection(SolutionConfigurationPlatforms) = preSolution
		Debug|Any CPU = Debug|Any CPU
		Release|Any CPU = Release|Any CPU
	EndGlobalSection
	GlobalSection(ProjectConfigurationPlatforms) = postSolution
		{081A8F19-F055-4CB5-9559-66EA13A9D3DB}.Debug|Any CPU.ActiveCfg = Debug|Any CPU
		{081A8F19-F055-4CB5-9559-66EA13A9D3DB}.Debug|Any CPU.Build.0 = Debug|Any CPU
		{081A8F19-F055-4CB5-9559-66EA13A9D3DB}.Release|Any CPU.ActiveCfg = Release|Any CPU
		{081A8F19-F055-4CB5-9559-66EA13A9D3DB}.Release|Any CPU.Build.0 = Release|Any CPU
	EndGlobalSection
	GlobalSection(SolutionProperties) = preSolution
		HideSolutionNode = FALSE
	EndGlobalSection
	GlobalSection(ExtensibilityGlobals) = postSolution
		SolutionGuid = {0623C67F-9D11-41EE-8895-BB57BEAB0B9F}
	EndGlobalSection
EndGlobal
